<?xml version="1.0" encoding="utf-8"?>
<Project ToolsVersion="4.0" xmlns="http://schemas.microsoft.com/developer/msbuild/2003">
  <ItemGroup>
    <Filter Include="Network">
      <UniqueIdentifier>{9e44ee75-587c-4173-8084-97f794689173}</UniqueIdentifier>
    </Filter>
    <Filter Include="Utils">
      <UniqueIdentifier>{e136a1b5-ab30-4ca8-95e9-72106a3c4f2c}</UniqueIdentifier>
    </Filter>
  </ItemGroup>
  <ItemGroup>
    <ClInclude Include="pch.h">
      <Filter>Utils</Filter>
    </ClInclude>
    <ClInclude Include="CorePch.h">
      <Filter>Utils</Filter>
    </ClInclude>
    <ClInclude Include="Types.h">
      <Filter>Utils</Filter>
    </ClInclude>
  </ItemGroup>
  <ItemGroup>
    <ClCompile Include="pch.cpp">
      <Filter>Utils</Filter>
    </ClCompile>
    <ClCompile Include="CorePch.cpp">
      <Filter>Utils</Filter>
    </ClCompile>
  </ItemGroup>
</Project>